{
  "requires": true,
  "lockfileVersion": 1,
  "dependencies": {
    "xterm": {
      "version": "4.5.0",
      "resolved": "https://registry.npmjs.org/xterm/-/xterm-4.5.0.tgz",
      "integrity": "sha512-4t12tsvtYnv13FBJwewddxdI/j4kSonmbQQv50j34R/rPIFbUNGtptbprmuUlTDAKvHLMDZ/Np2XcpNimga/HQ=="
    },
    "xterm-addon-attach": {
      "version": "0.5.0",
      "resolved": "https://registry.npmjs.org/xterm-addon-attach/-/xterm-addon-attach-0.5.0.tgz",
      "integrity": "sha512-L6ThPjF/fVt+gJS2+2h2rEEAXNxIRmCU8/RCM6rYR08K9GtPiHmYcnpRT7WNJf31yFLpWVA8dKcItfP3C0ZKlA=="
    },
    "xterm-addon-fit": {
      "version": "0.3.0",
      "resolved": "https://registry.npmjs.org/xterm-addon-fit/-/xterm-addon-fit-0.3.0.tgz",
      "integrity": "sha512-kvkiqHVrnMXgyCH9Xn0BOBJ7XaWC/4BgpSWQy3SueqximgW630t/QOankgqkvk11iTOCwWdAY9DTyQBXUMN3lw=="
    }
  }
}
